// !$*UTF8*$!
{
	archiveVersion = 1;
	classes = {
	};
	objectVersion = 48;
	objects = {

/* Begin PBXBuildFile section */
		842C4BD91FA9A533002FD1C4 /* main.c in Sources */ = {isa = PBXBuildFile; fileRef = 842C4BD81FA9A533002FD1C4 /* main.c */; };
		842C4BF41FA9A618002FD1C4 /* ndapi.c in Sources */ = {isa = PBXBuildFile; fileRef = 842C4BDF1FA9A617002FD1C4 /* ndapi.c */; };
		842C4BF51FA9A618002FD1C4 /* ndcommon.c in Sources */ = {isa = PBXBuildFile; fileRef = 842C4BE01FA9A617002FD1C4 /* ndcommon.c */; };
		842C4BF61FA9A618002FD1C4 /* ndrdic.c in Sources */ = {isa = PBXBuildFile; fileRef = 842C4BE11FA9A617002FD1C4 /* ndrdic.c */; };
		842C4BF71FA9A618002FD1C4 /* ndldic.c in Sources */ = {isa = PBXBuildFile; fileRef = 842C4BE51FA9A617002FD1C4 /* ndldic.c */; };
		842C4BF81FA9A618002FD1C4 /* ndbdic.c in Sources */ = {isa = PBXBuildFile; fileRef = 842C4BE61FA9A617002FD1C4 /* ndbdic.c */; };
		842C4BF91FA9A618002FD1C4 /* necode.c in Sources */ = {isa = PBXBuildFile; fileRef = 842C4BE71FA9A617002FD1C4 /* necode.c */; };
		842C4BFA1FA9A618002FD1C4 /* nj_str.c in Sources */ = {isa = PBXBuildFile; fileRef = 842C4BE81FA9A617002FD1C4 /* nj_str.c */; };
		842C4BFB1FA9A618002FD1C4 /* ndfdic.c in Sources */ = {isa = PBXBuildFile; fileRef = 842C4BEA1FA9A617002FD1C4 /* ndfdic.c */; };
		842C4BFC1FA9A618002FD1C4 /* neapi.c in Sources */ = {isa = PBXBuildFile; fileRef = 842C4BF11FA9A618002FD1C4 /* neapi.c */; };
		84D7E3161FB1AAD700BF339E /* libiconv.2.4.0.tbd in Frameworks */ = {isa = PBXBuildFile; fileRef = 84D7E3151FB1AA6B00BF339E /* libiconv.2.4.0.tbd */; };
		84E2D8A41FB29BD900FE1911 /* readdic.c in Sources */ = {isa = PBXBuildFile; fileRef = 84E2D8A31FB29BD900FE1911 /* readdic.c */; };
		84E2D8A91FB29CAD00FE1911 /* utfsample.c in Sources */ = {isa = PBXBuildFile; fileRef = 84E2D8A81FB29CAD00FE1911 /* utfsample.c */; };
		84E2D8AF1FB29E7B00FE1911 /* writedic.cpp in Sources */ = {isa = PBXBuildFile; fileRef = 84E2D8AD1FB29E7B00FE1911 /* writedic.cpp */; };
/* End PBXBuildFile section */

/* Begin PBXCopyFilesBuildPhase section */
		842C4BD31FA9A533002FD1C4 /* CopyFiles */ = {
			isa = PBXCopyFilesBuildPhase;
			buildActionMask = 2147483647;
			dstPath = /usr/share/man/man1/;
			dstSubfolderSpec = 0;
			files = (
			);
			runOnlyForDeploymentPostprocessing = 1;
		};
/* End PBXCopyFilesBuildPhase section */

/* Begin PBXFileReference section */
		842C4BD51FA9A533002FD1C4 /* openwnn */ = {isa = PBXFileReference; explicitFileType = "compiled.mach-o.executable"; includeInIndex = 0; path = openwnn; sourceTree = BUILT_PRODUCTS_DIR; };
		842C4BD81FA9A533002FD1C4 /* main.c */ = {isa = PBXFileReference; lastKnownFileType = sourcecode.c.c; path = main.c; sourceTree = "<group>"; };
		842C4BDF1FA9A617002FD1C4 /* ndapi.c */ = {isa = PBXFileReference; fileEncoding = 4; lastKnownFileType = sourcecode.c.c; path = ndapi.c; sourceTree = "<group>"; };
		842C4BE01FA9A617002FD1C4 /* ndcommon.c */ = {isa = PBXFileReference; fileEncoding = 4; lastKnownFileType = sourcecode.c.c; path = ndcommon.c; sourceTree = "<group>"; };
		842C4BE11FA9A617002FD1C4 /* ndrdic.c */ = {isa = PBXFileReference; fileEncoding = 4; lastKnownFileType = sourcecode.c.c; path = ndrdic.c; sourceTree = "<group>"; };
		842C4BE21FA9A617002FD1C4 /* nj_dic.h */ = {isa = PBXFileReference; fileEncoding = 4; lastKnownFileType = sourcecode.c.h; path = nj_dic.h; sourceTree = "<group>"; };
		842C4BE31FA9A617002FD1C4 /* WnnEngDic.h */ = {isa = PBXFileReference; fileEncoding = 4; lastKnownFileType = sourcecode.c.h; path = WnnEngDic.h; sourceTree = "<group>"; };
		842C4BE41FA9A617002FD1C4 /* predef_table.h */ = {isa = PBXFileReference; fileEncoding = 4; lastKnownFileType = sourcecode.c.h; path = predef_table.h; sourceTree = "<group>"; };
		842C4BE51FA9A617002FD1C4 /* ndldic.c */ = {isa = PBXFileReference; fileEncoding = 4; lastKnownFileType = sourcecode.c.c; path = ndldic.c; sourceTree = "<group>"; };
		842C4BE61FA9A617002FD1C4 /* ndbdic.c */ = {isa = PBXFileReference; fileEncoding = 4; lastKnownFileType = sourcecode.c.c; path = ndbdic.c; sourceTree = "<group>"; };
		842C4BE71FA9A617002FD1C4 /* necode.c */ = {isa = PBXFileReference; fileEncoding = 4; lastKnownFileType = sourcecode.c.c; path = necode.c; sourceTree = "<group>"; };
		842C4BE81FA9A617002FD1C4 /* nj_str.c */ = {isa = PBXFileReference; fileEncoding = 4; lastKnownFileType = sourcecode.c.c; path = nj_str.c; sourceTree = "<group>"; };
		842C4BE91FA9A617002FD1C4 /* WnnJpnDic.h */ = {isa = PBXFileReference; fileEncoding = 4; lastKnownFileType = sourcecode.c.h; path = WnnJpnDic.h; sourceTree = "<group>"; };
		842C4BEA1FA9A617002FD1C4 /* ndfdic.c */ = {isa = PBXFileReference; fileEncoding = 4; lastKnownFileType = sourcecode.c.c; path = ndfdic.c; sourceTree = "<group>"; };
		842C4BEC1FA9A617002FD1C4 /* nj_lib.h */ = {isa = PBXFileReference; fileEncoding = 4; lastKnownFileType = sourcecode.c.h; path = nj_lib.h; sourceTree = "<group>"; };
		842C4BED1FA9A617002FD1C4 /* nj_ext.h */ = {isa = PBXFileReference; fileEncoding = 4; lastKnownFileType = sourcecode.c.h; path = nj_ext.h; sourceTree = "<group>"; };
		842C4BEE1FA9A617002FD1C4 /* OpenWnnJni.h */ = {isa = PBXFileReference; fileEncoding = 4; lastKnownFileType = sourcecode.c.h; path = OpenWnnJni.h; sourceTree = "<group>"; };
		842C4BEF1FA9A617002FD1C4 /* njd.h */ = {isa = PBXFileReference; fileEncoding = 4; lastKnownFileType = sourcecode.c.h; path = njd.h; sourceTree = "<group>"; };
		842C4BF01FA9A618002FD1C4 /* njx_lib.h */ = {isa = PBXFileReference; fileEncoding = 4; lastKnownFileType = sourcecode.c.h; path = njx_lib.h; sourceTree = "<group>"; };
		842C4BF11FA9A618002FD1C4 /* neapi.c */ = {isa = PBXFileReference; fileEncoding = 4; lastKnownFileType = sourcecode.c.c; path = neapi.c; sourceTree = "<group>"; };
		842C4BF21FA9A618002FD1C4 /* nj_err.h */ = {isa = PBXFileReference; fileEncoding = 4; lastKnownFileType = sourcecode.c.h; path = nj_err.h; sourceTree = "<group>"; };
		84D7E3141FB1AA3E00BF339E /* libiconv.tbd */ = {isa = PBXFileReference; lastKnownFileType = "sourcecode.text-based-dylib-definition"; name = libiconv.tbd; path = usr/lib/libiconv.tbd; sourceTree = SDKROOT; };
		84D7E3151FB1AA6B00BF339E /* libiconv.2.4.0.tbd */ = {isa = PBXFileReference; lastKnownFileType = "sourcecode.text-based-dylib-definition"; name = libiconv.2.4.0.tbd; path = usr/lib/libiconv.2.4.0.tbd; sourceTree = SDKROOT; };
		84E2D8A21FB29BD900FE1911 /* readdic.h */ = {isa = PBXFileReference; lastKnownFileType = sourcecode.c.h; path = readdic.h; sourceTree = "<group>"; };
		84E2D8A31FB29BD900FE1911 /* readdic.c */ = {isa = PBXFileReference; lastKnownFileType = sourcecode.c.c; path = readdic.c; sourceTree = "<group>"; };
		84E2D8A71FB29C8C00FE1911 /* utfsample.h */ = {isa = PBXFileReference; lastKnownFileType = sourcecode.c.h; path = utfsample.h; sourceTree = "<group>"; };
		84E2D8A81FB29CAD00FE1911 /* utfsample.c */ = {isa = PBXFileReference; fileEncoding = 4; lastKnownFileType = sourcecode.c.c; path = utfsample.c; sourceTree = "<group>"; };
		84E2D8AD1FB29E7B00FE1911 /* writedic.cpp */ = {isa = PBXFileReference; lastKnownFileType = sourcecode.cpp.cpp; path = writedic.cpp; sourceTree = "<group>"; };
		84E2D8AE1FB29E7B00FE1911 /* writedic.hpp */ = {isa = PBXFileReference; lastKnownFileType = sourcecode.cpp.h; path = writedic.hpp; sourceTree = "<group>"; };
/* End PBXFileReference section */

/* Begin PBXFrameworksBuildPhase section */
		842C4BD21FA9A533002FD1C4 /* Frameworks */ = {
			isa = PBXFrameworksBuildPhase;
			buildActionMask = 2147483647;
			files = (
				84D7E3161FB1AAD700BF339E /* libiconv.2.4.0.tbd in Frameworks */,
			);
			runOnlyForDeploymentPostprocessing = 0;
		};
/* End PBXFrameworksBuildPhase section */

/* Begin PBXGroup section */
		842C4BCC1FA9A533002FD1C4 = {
			isa = PBXGroup;
			children = (
				842C4BD71FA9A533002FD1C4 /* openwnn */,
				842C4BD61FA9A533002FD1C4 /* Products */,
				84D7E3131FB1AA3E00BF339E /* Frameworks */,
			);
			sourceTree = "<group>";
		};
		842C4BD61FA9A533002FD1C4 /* Products */ = {
			isa = PBXGroup;
			children = (
				842C4BD51FA9A533002FD1C4 /* openwnn */,
			);
			name = Products;
			sourceTree = "<group>";
		};
		842C4BD71FA9A533002FD1C4 /* openwnn */ = {
			isa = PBXGroup;
			children = (
				842C4BDF1FA9A617002FD1C4 /* ndapi.c */,
				842C4BE61FA9A617002FD1C4 /* ndbdic.c */,
				842C4BE01FA9A617002FD1C4 /* ndcommon.c */,
				842C4BEA1FA9A617002FD1C4 /* ndfdic.c */,
				842C4BE51FA9A617002FD1C4 /* ndldic.c */,
				842C4BE11FA9A617002FD1C4 /* ndrdic.c */,
				842C4BF11FA9A618002FD1C4 /* neapi.c */,
				842C4BE71FA9A617002FD1C4 /* necode.c */,
				842C4BE21FA9A617002FD1C4 /* nj_dic.h */,
				842C4BF21FA9A618002FD1C4 /* nj_err.h */,
				842C4BED1FA9A617002FD1C4 /* nj_ext.h */,
				842C4BEC1FA9A617002FD1C4 /* nj_lib.h */,
				842C4BE81FA9A617002FD1C4 /* nj_str.c */,
				842C4BEF1FA9A617002FD1C4 /* njd.h */,
				842C4BF01FA9A618002FD1C4 /* njx_lib.h */,
				842C4BEE1FA9A617002FD1C4 /* OpenWnnJni.h */,
				842C4BE41FA9A617002FD1C4 /* predef_table.h */,
				842C4BE31FA9A617002FD1C4 /* WnnEngDic.h */,
				842C4BE91FA9A617002FD1C4 /* WnnJpnDic.h */,
				842C4BD81FA9A533002FD1C4 /* main.c */,
				84E2D8A21FB29BD900FE1911 /* readdic.h */,
				84E2D8A31FB29BD900FE1911 /* readdic.c */,
				84E2D8A71FB29C8C00FE1911 /* utfsample.h */,
				84E2D8A81FB29CAD00FE1911 /* utfsample.c */,
				84E2D8AD1FB29E7B00FE1911 /* writedic.cpp */,
				84E2D8AE1FB29E7B00FE1911 /* writedic.hpp */,
			);
			path = openwnn;
			sourceTree = "<group>";
		};
		84D7E3131FB1AA3E00BF339E /* Frameworks */ = {
			isa = PBXGroup;
			children = (
				84D7E3151FB1AA6B00BF339E /* libiconv.2.4.0.tbd */,
				84D7E3141FB1AA3E00BF339E /* libiconv.tbd */,
			);
			name = Frameworks;
			sourceTree = "<group>";
		};
/* End PBXGroup section */

/* Begin PBXNativeTarget section */
		842C4BD41FA9A533002FD1C4 /* openwnn */ = {
			isa = PBXNativeTarget;
			buildConfigurationList = 842C4BDC1FA9A533002FD1C4 /* Build configuration list for PBXNativeTarget "openwnn" */;
			buildPhases = (
				842C4BD11FA9A533002FD1C4 /* Sources */,
				842C4BD21FA9A533002FD1C4 /* Frameworks */,
				842C4BD31FA9A533002FD1C4 /* CopyFiles */,
			);
			buildRules = (
			);
			dependencies = (
			);
			name = openwnn;
			productName = openwnn;
			productReference = 842C4BD51FA9A533002FD1C4 /* openwnn */;
			productType = "com.apple.product-type.tool";
		};
/* End PBXNativeTarget section */

/* Begin PBXProject section */
		842C4BCD1FA9A533002FD1C4 /* Project object */ = {
			isa = PBXProject;
			attributes = {
				LastUpgradeCheck = 0900;
				ORGANIZATIONNAME = admin;
				TargetAttributes = {
					842C4BD41FA9A533002FD1C4 = {
						CreatedOnToolsVersion = 9.0.1;
						ProvisioningStyle = Automatic;
					};
				};
			};
			buildConfigurationList = 842C4BD01FA9A533002FD1C4 /* Build configuration list for PBXProject "openwnn" */;
			compatibilityVersion = "Xcode 8.0";
			developmentRegion = en;
			hasScannedForEncodings = 0;
			knownRegions = (
				en,
			);
			mainGroup = 842C4BCC1FA9A533002FD1C4;
			productRefGroup = 842C4BD61FA9A533002FD1C4 /* Products */;
			projectDirPath = "";
			projectRoot = "";
			targets = (
				842C4BD41FA9A533002FD1C4 /* openwnn */,
			);
		};
/* End PBXProject section */

/* Begin PBXSourcesBuildPhase section */
		842C4BD11FA9A533002FD1C4 /* Sources */ = {
			isa = PBXSourcesBuildPhase;
			buildActionMask = 2147483647;
			files = (
				842C4BF41FA9A618002FD1C4 /* ndapi.c in Sources */,
				842C4BFA1FA9A618002FD1C4 /* nj_str.c in Sources */,
				842C4BF61FA9A618002FD1C4 /* ndrdic.c in Sources */,
				842C4BF71FA9A618002FD1C4 /* ndldic.c in Sources */,
				84E2D8A41FB29BD900FE1911 /* readdic.c in Sources */,
				84E2D8A91FB29CAD00FE1911 /* utfsample.c in Sources */,
				842C4BF51FA9A618002FD1C4 /* ndcommon.c in Sources */,
				842C4BD91FA9A533002FD1C4 /* main.c in Sources */,
				842C4BF91FA9A618002FD1C4 /* necode.c in Sources */,
				84E2D8AF1FB29E7B00FE1911 /* writedic.cpp in Sources */,
				842C4BF81FA9A618002FD1C4 /* ndbdic.c in Sources */,
				842C4BFB1FA9A618002FD1C4 /* ndfdic.c in Sources */,
				842C4BFC1FA9A618002FD1C4 /* neapi.c in Sources */,
			);
			runOnlyForDeploymentPostprocessing = 0;
		};
/* End PBXSourcesBuildPhase section */

/* Begin XCBuildConfiguration section */
		842C4BDA1FA9A533002FD1C4 /* Debug */ = {
			isa = XCBuildConfiguration;
			buildSettings = {
				ALWAYS_SEARCH_USER_PATHS = NO;
				CLANG_ANALYZER_NONNULL = YES;
				CLANG_ANALYZER_NUMBER_OBJECT_CONVERSION = YES_AGGRESSIVE;
				CLANG_CXX_LANGUAGE_STANDARD = "gnu++14";
				CLANG_CXX_LIBRARY = "libc++";
				CLANG_ENABLE_MODULES = YES;
				CLANG_ENABLE_OBJC_ARC = YES;
				CLANG_WARN_BLOCK_CAPTURE_AUTORELEASING = YES;
				CLANG_WARN_BOOL_CONVERSION = YES;
				CLANG_WARN_COMMA = YES;
				CLANG_WARN_CONSTANT_CONVERSION = YES;
				CLANG_WARN_DIRECT_OBJC_ISA_USAGE = YES_ERROR;
				CLANG_WARN_DOCUMENTATION_COMMENTS = YES;
				CLANG_WARN_EMPTY_BODY = YES;
				CLANG_WARN_ENUM_CONVERSION = YES;
				CLANG_WARN_INFINITE_RECURSION = YES;
				CLANG_WARN_INT_CONVERSION = YES;
				CLANG_WARN_NON_LITERAL_NULL_CONVERSION = YES;
				CLANG_WARN_OBJC_LITERAL_CONVERSION = YES;
				CLANG_WARN_OBJC_ROOT_CLASS = YES_ERROR;
				CLANG_WARN_RANGE_LOOP_ANALYSIS = YES;
				CLANG_WARN_STRICT_PROTOTYPES = YES;
				CLANG_WARN_SUSPICIOUS_MOVE = YES;
				CLANG_WARN_UNGUARDED_AVAILABILITY = YES_AGGRESSIVE;
				CLANG_WARN_UNREACHABLE_CODE = YES;
				CLANG_WARN__DUPLICATE_METHOD_MATCH = YES;
				CODE_SIGN_IDENTITY = "-";
				COPY_PHASE_STRIP = NO;
				DEBUG_INFORMATION_FORMAT = dwarf;
				ENABLE_STRICT_OBJC_MSGSEND = YES;
				ENABLE_TESTABILITY = YES;
				GCC_C_LANGUAGE_STANDARD = gnu11;
				GCC_DYNAMIC_NO_PIC = NO;
				GCC_NO_COMMON_BLOCKS = YES;
				GCC_OPTIMIZATION_LEVEL = 0;
				GCC_PREPROCESSOR_DEFINITIONS = (
					"DEBUG=1",
					"$(inherited)",
				);
				GCC_WARN_64_TO_32_BIT_CONVERSION = YES;
				GCC_WARN_ABOUT_RETURN_TYPE = YES_ERROR;
				GCC_WARN_UNDECLARED_SELECTOR = YES;
				GCC_WARN_UNINITIALIZED_AUTOS = YES_AGGRESSIVE;
				GCC_WARN_UNUSED_FUNCTION = YES;
				GCC_WARN_UNUSED_VARIABLE = YES;
				MACOSX_DEPLOYMENT_TARGET = 10.13;
				MTL_ENABLE_DEBUG_INFO = YES;
				ONLY_ACTIVE_ARCH = YES;
				SDKROOT = macosx;
			};
			name = Debug;
		};
		842C4BDB1FA9A533002FD1C4 /* Release */ = {
			isa = XCBuildConfiguration;
			buildSettings = {
				ALWAYS_SEARCH_USER_PATHS = NO;
				CLANG_ANALYZER_NONNULL = YES;
				CLANG_ANALYZER_NUMBER_OBJECT_CONVERSION = YES_AGGRESSIVE;
				CLANG_CXX_LANGUAGE_STANDARD = "gnu++14";
				CLANG_CXX_LIBRARY = "libc++";
				CLANG_ENABLE_MODULES = YES;
				CLANG_ENABLE_OBJC_ARC = YES;
				CLANG_WARN_BLOCK_CAPTURE_AUTORELEASING = YES;
				CLANG_WARN_BOOL_CONVERSION = YES;
				CLANG_WARN_COMMA = YES;
				CLANG_WARN_CONSTANT_CONVERSION = YES;
				CLANG_WARN_DIRECT_OBJC_ISA_USAGE = YES_ERROR;
				CLANG_WARN_DOCUMENTATION_COMMENTS = YES;
				CLANG_WARN_EMPTY_BODY = YES;
				CLANG_WARN_ENUM_CONVERSION = YES;
				CLANG_WARN_INFINITE_RECURSION = YES;
				CLANG_WARN_INT_CONVERSION = YES;
				CLANG_WARN_NON_LITERAL_NULL_CONVERSION = YES;
				CLANG_WARN_OBJC_LITERAL_CONVERSION = YES;
				CLANG_WARN_OBJC_ROOT_CLASS = YES_ERROR;
				CLANG_WARN_RANGE_LOOP_ANALYSIS = YES;
				CLANG_WARN_STRICT_PROTOTYPES = YES;
				CLANG_WARN_SUSPICIOUS_MOVE = YES;
				CLANG_WARN_UNGUARDED_AVAILABILITY = YES_AGGRESSIVE;
				CLANG_WARN_UNREACHABLE_CODE = YES;
				CLANG_WARN__DUPLICATE_METHOD_MATCH = YES;
				CODE_SIGN_IDENTITY = "-";
				COPY_PHASE_STRIP = NO;
				DEBUG_INFORMATION_FORMAT = "dwarf-with-dsym";
				ENABLE_NS_ASSERTIONS = NO;
				ENABLE_STRICT_OBJC_MSGSEND = YES;
				GCC_C_LANGUAGE_STANDARD = gnu11;
				GCC_NO_COMMON_BLOCKS = YES;
				GCC_WARN_64_TO_32_BIT_CONVERSION = YES;
				GCC_WARN_ABOUT_RETURN_TYPE = YES_ERROR;
				GCC_WARN_UNDECLARED_SELECTOR = YES;
				GCC_WARN_UNINITIALIZED_AUTOS = YES_AGGRESSIVE;
				GCC_WARN_UNUSED_FUNCTION = YES;
				GCC_WARN_UNUSED_VARIABLE = YES;
				MACOSX_DEPLOYMENT_TARGET = 10.13;
				MTL_ENABLE_DEBUG_INFO = NO;
				SDKROOT = macosx;
			};
			name = Release;
		};
		842C4BDD1FA9A533002FD1C4 /* Debug */ = {
			isa = XCBuildConfiguration;
			buildSettings = {
				CODE_SIGN_STYLE = Automatic;
				PRODUCT_NAME = "$(TARGET_NAME)";
			};
			name = Debug;
		};
		842C4BDE1FA9A533002FD1C4 /* Release */ = {
			isa = XCBuildConfiguration;
			buildSettings = {
				CODE_SIGN_STYLE = Automatic;
				PRODUCT_NAME = "$(TARGET_NAME)";
			};
			name = Release;
		};
/* End XCBuildConfiguration section */

/* Begin XCConfigurationList section */
		842C4BD01FA9A533002FD1C4 /* Build configuration list for PBXProject "openwnn" */ = {
			isa = XCConfigurationList;
			buildConfigurations = (
				842C4BDA1FA9A533002FD1C4 /* Debug */,
				842C4BDB1FA9A533002FD1C4 /* Release */,
			);
			defaultConfigurationIsVisible = 0;
			defaultConfigurationName = Release;
		};
		842C4BDC1FA9A533002FD1C4 /* Build configuration list for PBXNativeTarget "openwnn" */ = {
			isa = XCConfigurationList;
			buildConfigurations = (
				842C4BDD1FA9A533002FD1C4 /* Debug */,
				842C4BDE1FA9A533002FD1C4 /* Release */,
			);
			defaultConfigurationIsVisible = 0;
			defaultConfigurationName = Release;
		};
/* End XCConfigurationList section */
	};
	rootObject = 842C4BCD1FA9A533002FD1C4 /* Project object */;
}
